<?xml version="1.0" encoding="utf-8"?>
<Project ToolsVersion="4.0" xmlns="http://schemas.microsoft.com/developer/msbuild/2003">
  <ItemGroup>
    <Filter Include="Source Files">
      <UniqueIdentifier>{4FC737F1-C7A5-4376-A066-2A32D752A2FF}</UniqueIdentifier>
      <Extensions>cpp;c;cc;cxx;def;odl;idl;hpj;bat;asm;asmx</Extensions>
    </Filter>
    <Filter Include="Header Files">
      <UniqueIdentifier>{93995380-89BD-4b04-88EB-625FBE52EBFB}</UniqueIdentifier>
      <Extensions>h;hh;hpp;hxx;hm;inl;inc;xsd</Extensions>
    </Filter>
    <Filter Include="Resource Files">
      <UniqueIdentifier>{67DA6AB6-F800-4c08-8B7A-83BB121AAD01}</UniqueIdentifier>
      <Extensions>rc;ico;cur;bmp;dlg;rc2;rct;bin;rgs;gif;jpg;jpeg;jpe;resx;tiff;tif;png;wav;mfcribbon-ms</Extensions>
    </Filter>
  </ItemGroup>
  <ItemGroup>
    <ClCompile Include="MyForm.cpp">
      <Filter>Source Files</Filter>
    </ClCompile>
    <ClCompile Include="Infographics.cpp">
      <Filter>Source Files</Filter>
    </ClCompile>
    <ClCompile Include="Simulation.cpp">
      <Filter>Source Files</Filter>
    </ClCompile>
    <ClCompile Include="threadmonitor.cpp">
      <Filter>Source Files</Filter>
    </ClCompile>
    <ClCompile Include="QuizMain.cpp">
      <Filter>Source Files</Filter>
    </ClCompile>
    <ClCompile Include="Quiz.cpp">
      <Filter>Source Files</Filter>
    </ClCompile>
    <ClCompile Include="Video.cpp">
      <Filter>Source Files</Filter>
    </ClCompile>
    <ClCompile Include="Car.cpp">
      <Filter>Source Files</Filter>
    </ClCompile>
    <ClCompile Include="CarPart.cpp">
      <Filter>Source Files</Filter>
    </ClCompile>
  </ItemGroup>
  <ItemGroup>
    <EmbeddedResource Include="MyForm.resx">
      <Filter>Resource Files</Filter>
    </EmbeddedResource>
    <EmbeddedResource Include="Infographics.resx">
      <Filter>Resource Files</Filter>
    </EmbeddedResource>
    <EmbeddedResource Include="Simulation.resx">
      <Filter>Resource Files</Filter>
    </EmbeddedResource>
    <EmbeddedResource Include="threadmonitor.resx">
      <Filter>Resource Files</Filter>
    </EmbeddedResource>
    <EmbeddedResource Include="Quiz.resx">
      <Filter>Resource Files</Filter>
    </EmbeddedResource>
    <EmbeddedResource Include="QuizMain.resx">
      <Filter>Resource Files</Filter>
    </EmbeddedResource>
    <EmbeddedResource Include="Video.resx">
      <Filter>Resource Files</Filter>
    </EmbeddedResource>
  </ItemGroup>
  <ItemGroup>
    <ResourceCompile Include="Drvr.rc">
      <Filter>Resource Files</Filter>
    </ResourceCompile>
  </ItemGroup>
  <ItemGroup>
    <Image Include="bitmap1.bmp">
      <Filter>Resource Files</Filter>
    </Image>
    <Image Include="cars\default.png">
      <Filter>Resource Files</Filter>
    </Image>
    <Image Include="cars\front.png">
      <Filter>Resource Files</Filter>
    </Image>
    <Image Include="cars\rear.png">
      <Filter>Resource Files</Filter>
    </Image>
    <Image Include="cars\side.png">
      <Filter>Resource Files</Filter>
    </Image>
  </ItemGroup>
  <ItemGroup>
    <ClInclude Include="MyForm.h">
      <Filter>Header Files</Filter>
    </ClInclude>
    <ClInclude Include="Infographics.h">
      <Filter>Header Files</Filter>
    </ClInclude>
    <ClInclude Include="Simulation.h">
      <Filter>Header Files</Filter>
    </ClInclude>
    <ClInclude Include="threadmonitor.h">
      <Filter>Header Files</Filter>
    </ClInclude>
    <ClInclude Include="QuizMain.h">
      <Filter>Header Files</Filter>
    </ClInclude>
    <ClInclude Include="Quiz.h">
      <Filter>Header Files</Filter>
    </ClInclude>
    <ClInclude Include="Video.h">
      <Filter>Header Files</Filter>
    </ClInclude>
    <ClInclude Include="Car.h">
      <Filter>Header Files</Filter>
    </ClInclude>
    <ClInclude Include="CarPart.h">
      <Filter>Header Files</Filter>
    </ClInclude>
  </ItemGroup>
</Project>